
Microsoft Visual Studio Solution File, Format Version 12.00
# Visual Studio Version 16
VisualStudioVersion = 16.0.29025.244
MinimumVisualStudioVersion = 10.0.40219.1
Project("{FAE04EC0-301F-11D3-BF4B-00C04F79EFBC}") = "MyMVCApplication", "MyMVCApplication.csproj", "{0DAD1B46-BDDA-410D-8400-AE33D134923C}"
EndProject
Global
	GlobalSection(SolutionConfigurationPlatforms) = preSolution
		Debug|Any CPU = Debug|Any CPU
		Release|Any CPU = Release|Any CPU
	EndGlobalSection
	GlobalSection(ProjectConfigurationPlatforms) = postSolution
		{0DAD1B46-BDDA-410D-8400-AE33D134923C}.Debug|Any CPU.ActiveCfg = Debug|Any CPU
		{0DAD1B46-BDDA-410D-8400-AE33D134923C}.Debug|Any CPU.Build.0 = Debug|Any CPU
		{0DAD1B46-BDDA-410D-8400-AE33D134923C}.Release|Any CPU.ActiveCfg = Release|Any CPU
		{0DAD1B46-BDDA-410D-8400-AE33D134923C}.Release|Any CPU.Build.0 = Release|Any CPU
	EndGlobalSection
	GlobalSection(SolutionProperties) = preSolution
		HideSolutionNode = FALSE
	EndGlobalSection
	GlobalSection(ExtensibilityGlobals) = postSolution
		SolutionGuid = {06B992F2-67FD-4E11-B4C7-875ADDA4F240}
	EndGlobalSection
EndGlobal
